<?xml version="1.0" encoding="utf-8"?>
<Project ToolsVersion="4.0" xmlns="http://schemas.microsoft.com/developer/msbuild/2003">
  <ItemGroup>
    <ClCompile Include="..\gsim\gs.cpp">
      <Filter>graphsim tools</Filter>
    </ClCompile>
    <ClCompile Include="..\gsim\gs_color.cpp">
      <Filter>graphsim tools</Filter>
    </ClCompile>
    <ClCompile Include="..\gsim\gs_mat.cpp">
      <Filter>graphsim tools</Filter>
    </ClCompile>
    <ClCompile Include="..\gsim\gs_quat.cpp">
      <Filter>graphsim tools</Filter>
    </ClCompile>
    <ClCompile Include="..\gsim\gs_vec.cpp">
      <Filter>graphsim tools</Filter>
    </ClCompile>
    <ClCompile Include="..\gsim\gs_vec2.cpp">
      <Filter>graphsim tools</Filter>
    </ClCompile>
    <ClCompile Include="..\glut_window.cpp">
      <Filter>ogl tools</Filter>
    </ClCompile>
    <ClCompile Include="..\ogl_tools.cpp">
      <Filter>ogl tools</Filter>
    </ClCompile>
    <ClCompile Include="..\app_main.cpp">
      <Filter>myapp\app</Filter>
    </ClCompile>
    <ClCompile Include="..\app_window.cpp">
      <Filter>myapp\app</Filter>
    </ClCompile>
    <ClCompile Include="..\so_model.cpp">
      <Filter>myapp\so_model</Filter>
    </ClCompile>
    <ClCompile Include="..\so_axis.cpp">
      <Filter>myapp\so_axis</Filter>
    </ClCompile>
    <ClCompile Include="..\normals_model.cpp">
      <Filter>myapp\nomals</Filter>
    </ClCompile>
    <ClCompile Include="..\model.cpp">
      <Filter>myapp\model</Filter>
    </ClCompile>
  </ItemGroup>
  <ItemGroup>
    <ClInclude Include="..\gsim\gs.h">
      <Filter>graphsim tools</Filter>
    </ClInclude>
    <ClInclude Include="..\gsim\gs_color.h">
      <Filter>graphsim tools</Filter>
    </ClInclude>
    <ClInclude Include="..\gsim\gs_mat.h">
      <Filter>graphsim tools</Filter>
    </ClInclude>
    <ClInclude Include="..\gsim\gs_quat.h">
      <Filter>graphsim tools</Filter>
    </ClInclude>
    <ClInclude Include="..\gsim\gs_vec.h">
      <Filter>graphsim tools</Filter>
    </ClInclude>
    <ClInclude Include="..\gsim\gs_vec2.h">
      <Filter>graphsim tools</Filter>
    </ClInclude>
    <ClInclude Include="..\glut_window.h">
      <Filter>ogl tools</Filter>
    </ClInclude>
    <ClInclude Include="..\ogl_tools.h">
      <Filter>ogl tools</Filter>
    </ClInclude>
    <ClInclude Include="light.h" />
    <ClInclude Include="material.h" />
    <ClInclude Include="..\app_window.h">
      <Filter>myapp\app</Filter>
    </ClInclude>
    <ClInclude Include="..\so_model.h">
      <Filter>myapp\so_model</Filter>
    </ClInclude>
    <ClInclude Include="..\so_axis.h">
      <Filter>myapp\so_axis</Filter>
    </ClInclude>
    <ClInclude Include="..\normals_model.h">
      <Filter>myapp\nomals</Filter>
    </ClInclude>
    <ClInclude Include="..\model.h">
      <Filter>myapp\model</Filter>
    </ClInclude>
  </ItemGroup>
  <ItemGroup>
    <Filter Include="myapp">
      <UniqueIdentifier>{d0b6dda1-cc69-488c-a43c-dad126663f16}</UniqueIdentifier>
    </Filter>
    <Filter Include="ogl tools">
      <UniqueIdentifier>{488b5122-f392-4ddb-b5df-d7fa4cfe48d5}</UniqueIdentifier>
    </Filter>
    <Filter Include="shaders">
      <UniqueIdentifier>{e12aa8fc-30b9-4310-bbed-2b3e9409d0c4}</UniqueIdentifier>
    </Filter>
    <Filter Include="graphsim tools">
      <UniqueIdentifier>{c9628ba3-d800-4870-ba96-41f6812019fc}</UniqueIdentifier>
    </Filter>
    <Filter Include="myapp\app">
      <UniqueIdentifier>{d79fa5e9-25ce-4148-9fec-a209a4be6ec7}</UniqueIdentifier>
    </Filter>
    <Filter Include="myapp\nomals">
      <UniqueIdentifier>{752f1d6a-11cd-4c77-8999-dac152d33ee0}</UniqueIdentifier>
    </Filter>
    <Filter Include="myapp\so_model">
      <UniqueIdentifier>{77b0c0fe-d02a-4d32-96b7-13adc080d775}</UniqueIdentifier>
    </Filter>
    <Filter Include="myapp\so_axis">
      <UniqueIdentifier>{b77c2fdb-0a61-4381-acac-e319b1e5a943}</UniqueIdentifier>
    </Filter>
    <Filter Include="myapp\model">
      <UniqueIdentifier>{22d1b281-f6a4-4824-b5c9-9ed5a9973ead}</UniqueIdentifier>
    </Filter>
  </ItemGroup>
  <ItemGroup>
    <None Include="..\3dcolored.vert">
      <Filter>shaders</Filter>
    </None>
    <None Include="..\flat.frag">
      <Filter>shaders</Filter>
    </None>
    <None Include="..\gouraud.frag">
      <Filter>shaders</Filter>
    </None>
    <None Include="..\smtlgouraud.vert">
      <Filter>shaders</Filter>
    </None>
    <None Include="..\rhand.m" />
    <None Include="..\rlowerarm.m" />
    <None Include="..\rupperarm.m" />
  </ItemGroup>
</Project>